
Microsoft Visual Studio Solution File, Format Version 12.00
# Visual Studio Version 16
VisualStudioVersion = 16.0.29020.237
MinimumVisualStudioVersion = 10.0.40219.1
Project("{FAE04EC0-301F-11D3-BF4B-00C04F79EFBC}") = "TestGit", "TestGit\TestGit.csproj", "{97A5C2C1-D5D2-40DB-8C87-3E19C98C1F98}"
EndProject
Global
	GlobalSection(SolutionConfigurationPlatforms) = preSolution
		Debug|Any CPU = Debug|Any CPU
		Release|Any CPU = Release|Any CPU
	EndGlobalSection
	GlobalSection(ProjectConfigurationPlatforms) = postSolution
		{97A5C2C1-D5D2-40DB-8C87-3E19C98C1F98}.Debug|Any CPU.ActiveCfg = Debug|Any CPU
		{97A5C2C1-D5D2-40DB-8C87-3E19C98C1F98}.Debug|Any CPU.Build.0 = Debug|Any CPU
		{97A5C2C1-D5D2-40DB-8C87-3E19C98C1F98}.Release|Any CPU.ActiveCfg = Release|Any CPU
		{97A5C2C1-D5D2-40DB-8C87-3E19C98C1F98}.Release|Any CPU.Build.0 = Release|Any CPU
	EndGlobalSection
	GlobalSection(SolutionProperties) = preSolution
		HideSolutionNode = FALSE
	EndGlobalSection
	GlobalSection(ExtensibilityGlobals) = postSolution
		SolutionGuid = {9BB2EBF8-D0E6-4F78-83C3-5B0FB502632B}
	EndGlobalSection
EndGlobal
